
Microsoft Visual Studio Solution File, Format Version 12.00
# Visual Studio Version 16
VisualStudioVersion = 16.0.29709.97
MinimumVisualStudioVersion = 10.0.40219.1
Project("{FAE04EC0-301F-11D3-BF4B-00C04F79EFBC}") = "Lab2", "Lab2\Lab2.csproj", "{C626F097-C2D2-44DB-9942-3034398557E8}"
EndProject
Global
	GlobalSection(SolutionConfigurationPlatforms) = preSolution
		Debug|Any CPU = Debug|Any CPU
		Release|Any CPU = Release|Any CPU
	EndGlobalSection
	GlobalSection(ProjectConfigurationPlatforms) = postSolution
		{C626F097-C2D2-44DB-9942-3034398557E8}.Debug|Any CPU.ActiveCfg = Debug|Any CPU
		{C626F097-C2D2-44DB-9942-3034398557E8}.Debug|Any CPU.Build.0 = Debug|Any CPU
		{C626F097-C2D2-44DB-9942-3034398557E8}.Release|Any CPU.ActiveCfg = Release|Any CPU
		{C626F097-C2D2-44DB-9942-3034398557E8}.Release|Any CPU.Build.0 = Release|Any CPU
	EndGlobalSection
	GlobalSection(SolutionProperties) = preSolution
		HideSolutionNode = FALSE
	EndGlobalSection
	GlobalSection(ExtensibilityGlobals) = postSolution
		SolutionGuid = {F8B25129-4874-47A1-A5B9-0801E19FA54F}
	EndGlobalSection
EndGlobal
