
Microsoft Visual Studio Solution File, Format Version 12.00
# Visual Studio Version 16
VisualStudioVersion = 16.0.29709.97
MinimumVisualStudioVersion = 10.0.40219.1
Project("{FAE04EC0-301F-11D3-BF4B-00C04F79EFBC}") = "Lab2", "Lab2\Lab2.csproj", "{7C8497CB-E1F5-4EC8-9585-3F9435723B04}"
EndProject
Global
	GlobalSection(SolutionConfigurationPlatforms) = preSolution
		Debug|Any CPU = Debug|Any CPU
		Release|Any CPU = Release|Any CPU
	EndGlobalSection
	GlobalSection(ProjectConfigurationPlatforms) = postSolution
		{7C8497CB-E1F5-4EC8-9585-3F9435723B04}.Debug|Any CPU.ActiveCfg = Debug|Any CPU
		{7C8497CB-E1F5-4EC8-9585-3F9435723B04}.Debug|Any CPU.Build.0 = Debug|Any CPU
		{7C8497CB-E1F5-4EC8-9585-3F9435723B04}.Release|Any CPU.ActiveCfg = Release|Any CPU
		{7C8497CB-E1F5-4EC8-9585-3F9435723B04}.Release|Any CPU.Build.0 = Release|Any CPU
	EndGlobalSection
	GlobalSection(SolutionProperties) = preSolution
		HideSolutionNode = FALSE
	EndGlobalSection
	GlobalSection(ExtensibilityGlobals) = postSolution
		SolutionGuid = {D330F6B5-670C-4259-97B4-F3BBEF962CAD}
	EndGlobalSection
EndGlobal
